# THIS IS AN AUTOGENERATED FILE. DO NOT EDIT THIS FILE DIRECTLY.
# yarn lockfile v1


"@types/graceful-fs@^4.1.5":
  version "4.1.5"
  resolved "https://registry.yarnpkg.com/@types/graceful-fs/-/graceful-fs-4.1.5.tgz#21ffba0d98da4350db64891f92a9e5db3cdb4e15"
  integrity sha512-anKkLmZZ+xm4p8JWBf4hElkM4XR+EZeA2M9BAkkTldmcyDY4mbdIJnRghDJH3Ov5ooY7/UAoENtmdMSkaAd7Cw==
  dependencies:
    "@types/node" "*"

"@types/lodash@^4.14.175":
  version "4.14.175"
  resolved "https://registry.yarnpkg.com/@types/lodash/-/lodash-4.14.175.tgz#b78dfa959192b01fae0ad90e166478769b215f45"
  integrity sha512-XmdEOrKQ8a1Y/yxQFOMbC47G/V2VDO1GvMRnl4O75M4GW/abC5tnfzadQYkqEveqRM1dEJGFFegfPNA2vvx2iw==

"@types/node@*":
  version "16.10.3"
  resolved "https://registry.yarnpkg.com/@types/node/-/node-16.10.3.tgz#7a8f2838603ea314d1d22bb3171d899e15c57bd5"
  integrity sha512-ho3Ruq+fFnBrZhUYI46n/bV2GjwzSkwuT4dTf0GkuNFmnb8nq4ny2z9JEVemFi6bdEJanHLlYfy9c6FN9B9McQ==

"@types/prompts@^2.0.14":
  version "2.0.14"
  resolved "https://registry.yarnpkg.com/@types/prompts/-/prompts-2.0.14.tgz#10cb8899844bb0771cabe57c1becaaaca9a3b521"
  integrity sha512-HZBd99fKxRWpYCErtm2/yxUZv6/PBI9J7N4TNFffl5JbrYMHBwF25DjQGTW3b3jmXq+9P6/8fCIb2ee57BFfYA==
  dependencies:
    "@types/node" "*"

"@types/typescript@^2.0.0":
  version "2.0.0"
  resolved "https://registry.yarnpkg.com/@types/typescript/-/typescript-2.0.0.tgz#c433539c98bae28682b307eaa7a0fd2115b83c28"
  integrity sha1-xDNTnJi64oaCswfqp6D9IRW4PCg=
  dependencies:
    typescript "*"

graceful-fs@^4.2.8:
  version "4.2.8"
  resolved "https://registry.yarnpkg.com/graceful-fs/-/graceful-fs-4.2.8.tgz#e412b8d33f5e006593cbd3cee6df9f2cebbe802a"
  integrity sha512-qkIilPUYcNhJpd33n0GBXTB1MMPp14TxEsEs0pTrsSVucApsYzW5V+Q8Qxhik6KU3evy+qkAAowTByymK0avdg==

kleur@^3.0.3:
  version "3.0.3"
  resolved "https://registry.yarnpkg.com/kleur/-/kleur-3.0.3.tgz#a79c9ecc86ee1ce3fa6206d1216c501f147fc07e"
  integrity sha512-eTIzlVOSUR+JxdDFepEYcBMtZ9Qqdef+rnzWdRZuMbOywu5tO2w2N7rqjoANZ5k9vywhL6Br1VRjUIgTQx4E8w==

lodash@^4.17.21:
  version "4.17.21"
  resolved "https://registry.yarnpkg.com/lodash/-/lodash-4.17.21.tgz#679591c564c3bffaae8454cf0b3df370c3d6911c"
  integrity sha512-v2kDEe57lecTulaDIuNTPy3Ry4gLGJ6Z1O3vE1krgXZNrsQ+LFTGHVxVjcXPs17LhbZVGedAJv8XZ1tvj5FvSg==

prompts@^2.4.2:
  version "2.4.2"
  resolved "https://registry.yarnpkg.com/prompts/-/prompts-2.4.2.tgz#7b57e73b3a48029ad10ebd44f74b01722a4cb069"
  integrity sha512-NxNv/kLguCA7p3jE8oL2aEBsrJWgAakBpgmgK6lpPWV+WuOmY6r2/zbAVnP+T8bQlA0nzHXSJSJW0Hq7ylaD2Q==
  dependencies:
    kleur "^3.0.3"
    sisteransi "^1.0.5"

sisteransi@^1.0.5:
  version "1.0.5"
  resolved "https://registry.yarnpkg.com/sisteransi/-/sisteransi-1.0.5.tgz#134d681297756437cc05ca01370d3a7a571075ed"
  integrity sha512-bLGGlR1QxBcynn2d5YmDX4MGjlZvy2MRBDRNHLJ8VI6l6+9FUiyTFNJ0IveOSP0bcXgVDPRcfGqA0pjaqUpfVg==

typescript@*, typescript@^4.4.3:
  version "4.4.3"
  resolved "https://registry.yarnpkg.com/typescript/-/typescript-4.4.3.tgz#bdc5407caa2b109efd4f82fe130656f977a29324"
  integrity sha512-4xfscpisVgqqDfPaJo5vkd+Qd/ItkoagnHpufr+i2QCHBsNYp+G7UAoyFl8aPtx879u38wPV65rZ8qbGZijalA==
